// !$*UTF8*$!
{
	archiveVersion = 1;
	classes = {
	};
	objectVersion = 48;
	objects = {

/* Begin PBXBuildFile section */
		9446EAAC484A64E8CD7BA6F4 /* Pods_ThrowableCabbage.framework in Frameworks */ = {isa = PBXBuildFile; fileRef = E4B488F1344F471380E1F27D /* Pods_ThrowableCabbage.framework */; };
		956F93D61FA0E06A00D201C8 /* AppDelegate.swift in Sources */ = {isa = PBXBuildFile; fileRef = 956F93D51FA0E06A00D201C8 /* AppDelegate.swift */; };
		956F93D81FA0E06A00D201C8 /* art.scnassets in Resources */ = {isa = PBXBuildFile; fileRef = 956F93D71FA0E06A00D201C8 /* art.scnassets */; };
		956F93DA1FA0E06A00D201C8 /* ViewController.swift in Sources */ = {isa = PBXBuildFile; fileRef = 956F93D91FA0E06A00D201C8 /* ViewController.swift */; };
		956F93DD1FA0E06A00D201C8 /* Main.storyboard in Resources */ = {isa = PBXBuildFile; fileRef = 956F93DB1FA0E06A00D201C8 /* Main.storyboard */; };
		956F93DF1FA0E06A00D201C8 /* Assets.xcassets in Resources */ = {isa = PBXBuildFile; fileRef = 956F93DE1FA0E06A00D201C8 /* Assets.xcassets */; };
		956F93E21FA0E06A00D201C8 /* LaunchScreen.storyboard in Resources */ = {isa = PBXBuildFile; fileRef = 956F93E01FA0E06A00D201C8 /* LaunchScreen.storyboard */; };
		956F93ED1FA0E06B00D201C8 /* ThrowableCabbageTests.swift in Sources */ = {isa = PBXBuildFile; fileRef = 956F93EC1FA0E06B00D201C8 /* ThrowableCabbageTests.swift */; };
		958224601FA76EEC005DA0F3 /* WorldBorder.swift in Sources */ = {isa = PBXBuildFile; fileRef = 9582245F1FA76EEC005DA0F3 /* WorldBorder.swift */; };
		958224631FA779FD005DA0F3 /* CollisionCategory.swift in Sources */ = {isa = PBXBuildFile; fileRef = 958224621FA779FD005DA0F3 /* CollisionCategory.swift */; };
		95A64D1C1FA740630048EB6B /* Cabbage.swift in Sources */ = {isa = PBXBuildFile; fileRef = 95A64D1B1FA740630048EB6B /* Cabbage.swift */; };
		95A6C07C1FB9AD1900F6B51D /* ShoutButtonView.xib in Resources */ = {isa = PBXBuildFile; fileRef = 95A6C07B1FB9AD1900F6B51D /* ShoutButtonView.xib */; };
		95A6C07E1FB9AD8800F6B51D /* ShoutButtonView.swift in Sources */ = {isa = PBXBuildFile; fileRef = 95A6C07D1FB9AD8800F6B51D /* ShoutButtonView.swift */; };
		95A6C0811FB9AEBC00F6B51D /* SetupXib+UIView.swift in Sources */ = {isa = PBXBuildFile; fileRef = 95A6C0801FB9AEBC00F6B51D /* SetupXib+UIView.swift */; };
		95A6C0841FBB254800F6B51D /* Explode+SCNNode.swift in Sources */ = {isa = PBXBuildFile; fileRef = 95A6C0831FBB254800F6B51D /* Explode+SCNNode.swift */; };
		95E278381FA1FFDB002B19AE /* Plane.swift in Sources */ = {isa = PBXBuildFile; fileRef = 95E278371FA1FFDB002B19AE /* Plane.swift */; };
		D0972242E444408515B301F0 /* Pods_ThrowableCabbageTests.framework in Frameworks */ = {isa = PBXBuildFile; fileRef = B2E652A9AA6934986AB7698D /* Pods_ThrowableCabbageTests.framework */; };
/* End PBXBuildFile section */

/* Begin PBXContainerItemProxy section */
		956F93E91FA0E06B00D201C8 /* PBXContainerItemProxy */ = {
			isa = PBXContainerItemProxy;
			containerPortal = 956F93CA1FA0E06A00D201C8 /* Project object */;
			proxyType = 1;
			remoteGlobalIDString = 956F93D11FA0E06A00D201C8;
			remoteInfo = ThrowableCabbage;
		};
/* End PBXContainerItemProxy section */

/* Begin PBXFileReference section */
		3BD5C869A38AADFA40D3AD46 /* Pods-ThrowableCabbageTests.release.xcconfig */ = {isa = PBXFileReference; includeInIndex = 1; lastKnownFileType = text.xcconfig; name = "Pods-ThrowableCabbageTests.release.xcconfig"; path = "Pods/Target Support Files/Pods-ThrowableCabbageTests/Pods-ThrowableCabbageTests.release.xcconfig"; sourceTree = "<group>"; };
		3C9FDE274F89C1EB8F821D05 /* Pods-ThrowableCabbageTests.debug.xcconfig */ = {isa = PBXFileReference; includeInIndex = 1; lastKnownFileType = text.xcconfig; name = "Pods-ThrowableCabbageTests.debug.xcconfig"; path = "Pods/Target Support Files/Pods-ThrowableCabbageTests/Pods-ThrowableCabbageTests.debug.xcconfig"; sourceTree = "<group>"; };
		6CFEDAF8A52FDD10B4A98D32 /* Pods-ThrowableCabbage.debug.xcconfig */ = {isa = PBXFileReference; includeInIndex = 1; lastKnownFileType = text.xcconfig; name = "Pods-ThrowableCabbage.debug.xcconfig"; path = "Pods/Target Support Files/Pods-ThrowableCabbage/Pods-ThrowableCabbage.debug.xcconfig"; sourceTree = "<group>"; };
		956F93D21FA0E06A00D201C8 /* ThrowableCabbage.app */ = {isa = PBXFileReference; explicitFileType = wrapper.application; includeInIndex = 0; path = ThrowableCabbage.app; sourceTree = BUILT_PRODUCTS_DIR; };
		956F93D51FA0E06A00D201C8 /* AppDelegate.swift */ = {isa = PBXFileReference; lastKnownFileType = sourcecode.swift; path = AppDelegate.swift; sourceTree = "<group>"; };
		956F93D71FA0E06A00D201C8 /* art.scnassets */ = {isa = PBXFileReference; lastKnownFileType = wrapper.scnassets; path = art.scnassets; sourceTree = "<group>"; };
		956F93D91FA0E06A00D201C8 /* ViewController.swift */ = {isa = PBXFileReference; lastKnownFileType = sourcecode.swift; path = ViewController.swift; sourceTree = "<group>"; };
		956F93DC1FA0E06A00D201C8 /* Base */ = {isa = PBXFileReference; lastKnownFileType = file.storyboard; name = Base; path = Base.lproj/Main.storyboard; sourceTree = "<group>"; };
		956F93DE1FA0E06A00D201C8 /* Assets.xcassets */ = {isa = PBXFileReference; lastKnownFileType = folder.assetcatalog; path = Assets.xcassets; sourceTree = "<group>"; };
		956F93E11FA0E06A00D201C8 /* Base */ = {isa = PBXFileReference; lastKnownFileType = file.storyboard; name = Base; path = Base.lproj/LaunchScreen.storyboard; sourceTree = "<group>"; };
		956F93E31FA0E06A00D201C8 /* Info.plist */ = {isa = PBXFileReference; lastKnownFileType = text.plist.xml; path = Info.plist; sourceTree = "<group>"; };
		956F93E81FA0E06B00D201C8 /* ThrowableCabbageTests.xctest */ = {isa = PBXFileReference; explicitFileType = wrapper.cfbundle; includeInIndex = 0; path = ThrowableCabbageTests.xctest; sourceTree = BUILT_PRODUCTS_DIR; };
		956F93EC1FA0E06B00D201C8 /* ThrowableCabbageTests.swift */ = {isa = PBXFileReference; lastKnownFileType = sourcecode.swift; path = ThrowableCabbageTests.swift; sourceTree = "<group>"; };
		956F93EE1FA0E06B00D201C8 /* Info.plist */ = {isa = PBXFileReference; lastKnownFileType = text.plist.xml; path = Info.plist; sourceTree = "<group>"; };
		9582245F1FA76EEC005DA0F3 /* WorldBorder.swift */ = {isa = PBXFileReference; lastKnownFileType = sourcecode.swift; path = WorldBorder.swift; sourceTree = "<group>"; };
		958224621FA779FD005DA0F3 /* CollisionCategory.swift */ = {isa = PBXFileReference; lastKnownFileType = sourcecode.swift; path = CollisionCategory.swift; sourceTree = "<group>"; };
		95A64D1B1FA740630048EB6B /* Cabbage.swift */ = {isa = PBXFileReference; lastKnownFileType = sourcecode.swift; path = Cabbage.swift; sourceTree = "<group>"; };
		95A6C07B1FB9AD1900F6B51D /* ShoutButtonView.xib */ = {isa = PBXFileReference; lastKnownFileType = file.xib; path = ShoutButtonView.xib; sourceTree = "<group>"; };
		95A6C07D1FB9AD8800F6B51D /* ShoutButtonView.swift */ = {isa = PBXFileReference; lastKnownFileType = sourcecode.swift; path = ShoutButtonView.swift; sourceTree = "<group>"; };
		95A6C0801FB9AEBC00F6B51D /* SetupXib+UIView.swift */ = {isa = PBXFileReference; lastKnownFileType = sourcecode.swift; path = "SetupXib+UIView.swift"; sourceTree = "<group>"; };
		95A6C0831FBB254800F6B51D /* Explode+SCNNode.swift */ = {isa = PBXFileReference; lastKnownFileType = sourcecode.swift; path = "Explode+SCNNode.swift"; sourceTree = "<group>"; };
		95E278371FA1FFDB002B19AE /* Plane.swift */ = {isa = PBXFileReference; lastKnownFileType = sourcecode.swift; path = Plane.swift; sourceTree = "<group>"; };
		B2E652A9AA6934986AB7698D /* Pods_ThrowableCabbageTests.framework */ = {isa = PBXFileReference; explicitFileType = wrapper.framework; includeInIndex = 0; path = Pods_ThrowableCabbageTests.framework; sourceTree = BUILT_PRODUCTS_DIR; };
		E46228D8D8E6DA745D8CC6F8 /* Pods-ThrowableCabbage.release.xcconfig */ = {isa = PBXFileReference; includeInIndex = 1; lastKnownFileType = text.xcconfig; name = "Pods-ThrowableCabbage.release.xcconfig"; path = "Pods/Target Support Files/Pods-ThrowableCabbage/Pods-ThrowableCabbage.release.xcconfig"; sourceTree = "<group>"; };
		E4B488F1344F471380E1F27D /* Pods_ThrowableCabbage.framework */ = {isa = PBXFileReference; explicitFileType = wrapper.framework; includeInIndex = 0; path = Pods_ThrowableCabbage.framework; sourceTree = BUILT_PRODUCTS_DIR; };
/* End PBXFileReference section */

/* Begin PBXFrameworksBuildPhase section */
		956F93CF1FA0E06A00D201C8 /* Frameworks */ = {
			isa = PBXFrameworksBuildPhase;
			buildActionMask = 2147483647;
			files = (
				9446EAAC484A64E8CD7BA6F4 /* Pods_ThrowableCabbage.framework in Frameworks */,
			);
			runOnlyForDeploymentPostprocessing = 0;
		};
		956F93E51FA0E06B00D201C8 /* Frameworks */ = {
			isa = PBXFrameworksBuildPhase;
			buildActionMask = 2147483647;
			files = (
				D0972242E444408515B301F0 /* Pods_ThrowableCabbageTests.framework in Frameworks */,
			);
			runOnlyForDeploymentPostprocessing = 0;
		};
/* End PBXFrameworksBuildPhase section */

/* Begin PBXGroup section */
		90BFC4334D68FAD63D1437C6 /* Frameworks */ = {
			isa = PBXGroup;
			children = (
				E4B488F1344F471380E1F27D /* Pods_ThrowableCabbage.framework */,
				B2E652A9AA6934986AB7698D /* Pods_ThrowableCabbageTests.framework */,
			);
			name = Frameworks;
			sourceTree = "<group>";
		};
		956F93C91FA0E06A00D201C8 = {
			isa = PBXGroup;
			children = (
				956F93D41FA0E06A00D201C8 /* ThrowableCabbage */,
				956F93EB1FA0E06B00D201C8 /* ThrowableCabbageTests */,
				956F93D31FA0E06A00D201C8 /* Products */,
				DAD3E5A0A8181C2A94DB6FCB /* Pods */,
				90BFC4334D68FAD63D1437C6 /* Frameworks */,
			);
			sourceTree = "<group>";
		};
		956F93D31FA0E06A00D201C8 /* Products */ = {
			isa = PBXGroup;
			children = (
				956F93D21FA0E06A00D201C8 /* ThrowableCabbage.app */,
				956F93E81FA0E06B00D201C8 /* ThrowableCabbageTests.xctest */,
			);
			name = Products;
			sourceTree = "<group>";
		};
		956F93D41FA0E06A00D201C8 /* ThrowableCabbage */ = {
			isa = PBXGroup;
			children = (
				956F93D91FA0E06A00D201C8 /* ViewController.swift */,
				95A6C0821FB9B05700F6B51D /* AppSettings */,
				95A6C07F1FB9AE9D00F6B51D /* Utils */,
				95A6C07A1FB9ACF300F6B51D /* View */,
				958224611FA779D6005DA0F3 /* Nodes */,
			);
			path = ThrowableCabbage;
			sourceTree = "<group>";
		};
		956F93EB1FA0E06B00D201C8 /* ThrowableCabbageTests */ = {
			isa = PBXGroup;
			children = (
				956F93EC1FA0E06B00D201C8 /* ThrowableCabbageTests.swift */,
				956F93EE1FA0E06B00D201C8 /* Info.plist */,
			);
			path = ThrowableCabbageTests;
			sourceTree = "<group>";
		};
		958224611FA779D6005DA0F3 /* Nodes */ = {
			isa = PBXGroup;
			children = (
				9582245F1FA76EEC005DA0F3 /* WorldBorder.swift */,
				95A64D1B1FA740630048EB6B /* Cabbage.swift */,
				95E278371FA1FFDB002B19AE /* Plane.swift */,
			);
			path = Nodes;
			sourceTree = "<group>";
		};
		95A6C07A1FB9ACF300F6B51D /* View */ = {
			isa = PBXGroup;
			children = (
				956F93DB1FA0E06A00D201C8 /* Main.storyboard */,
				95A6C07B1FB9AD1900F6B51D /* ShoutButtonView.xib */,
				95A6C07D1FB9AD8800F6B51D /* ShoutButtonView.swift */,
			);
			path = View;
			sourceTree = "<group>";
		};
		95A6C07F1FB9AE9D00F6B51D /* Utils */ = {
			isa = PBXGroup;
			children = (
				958224621FA779FD005DA0F3 /* CollisionCategory.swift */,
				95A6C0801FB9AEBC00F6B51D /* SetupXib+UIView.swift */,
				95A6C0831FBB254800F6B51D /* Explode+SCNNode.swift */,
			);
			path = Utils;
			sourceTree = "<group>";
		};
		95A6C0821FB9B05700F6B51D /* AppSettings */ = {
			isa = PBXGroup;
			children = (
				956F93E31FA0E06A00D201C8 /* Info.plist */,
				956F93E01FA0E06A00D201C8 /* LaunchScreen.storyboard */,
				956F93D51FA0E06A00D201C8 /* AppDelegate.swift */,
				956F93DE1FA0E06A00D201C8 /* Assets.xcassets */,
				956F93D71FA0E06A00D201C8 /* art.scnassets */,
			);
			path = AppSettings;
			sourceTree = "<group>";
		};
		DAD3E5A0A8181C2A94DB6FCB /* Pods */ = {
			isa = PBXGroup;
			children = (
				6CFEDAF8A52FDD10B4A98D32 /* Pods-ThrowableCabbage.debug.xcconfig */,
				E46228D8D8E6DA745D8CC6F8 /* Pods-ThrowableCabbage.release.xcconfig */,
				3C9FDE274F89C1EB8F821D05 /* Pods-ThrowableCabbageTests.debug.xcconfig */,
				3BD5C869A38AADFA40D3AD46 /* Pods-ThrowableCabbageTests.release.xcconfig */,
			);
			name = Pods;
			sourceTree = "<group>";
		};
/* End PBXGroup section */

/* Begin PBXNativeTarget section */
		956F93D11FA0E06A00D201C8 /* ThrowableCabbage */ = {
			isa = PBXNativeTarget;
			buildConfigurationList = 956F93F11FA0E06B00D201C8 /* Build configuration list for PBXNativeTarget "ThrowableCabbage" */;
			buildPhases = (
				F08DABE093997D1A93861C12 /* [CP] Check Pods Manifest.lock */,
				956F93CE1FA0E06A00D201C8 /* Sources */,
				956F93CF1FA0E06A00D201C8 /* Frameworks */,
				956F93D01FA0E06A00D201C8 /* Resources */,
				195C0258F467CA3801F45D0D /* [CP] Embed Pods Frameworks */,
				4FE49B8912F20EB38169ECA1 /* [CP] Copy Pods Resources */,
			);
			buildRules = (
			);
			dependencies = (
			);
			name = ThrowableCabbage;
			productName = ThrowableCabbage;
			productReference = 956F93D21FA0E06A00D201C8 /* ThrowableCabbage.app */;
			productType = "com.apple.product-type.application";
		};
		956F93E71FA0E06B00D201C8 /* ThrowableCabbageTests */ = {
			isa = PBXNativeTarget;
			buildConfigurationList = 956F93F41FA0E06B00D201C8 /* Build configuration list for PBXNativeTarget "ThrowableCabbageTests" */;
			buildPhases = (
				C28BE18D3B24FC472C6BC729 /* [CP] Check Pods Manifest.lock */,
				956F93E41FA0E06B00D201C8 /* Sources */,
				956F93E51FA0E06B00D201C8 /* Frameworks */,
				956F93E61FA0E06B00D201C8 /* Resources */,
				B1144CB10F7C54EADFA2C0E7 /* [CP] Embed Pods Frameworks */,
				EE460EEC096D3F09F9293B04 /* [CP] Copy Pods Resources */,
			);
			buildRules = (
			);
			dependencies = (
				956F93EA1FA0E06B00D201C8 /* PBXTargetDependency */,
			);
			name = ThrowableCabbageTests;
			productName = ThrowableCabbageTests;
			productReference = 956F93E81FA0E06B00D201C8 /* ThrowableCabbageTests.xctest */;
			productType = "com.apple.product-type.bundle.unit-test";
		};
/* End PBXNativeTarget section */

/* Begin PBXProject section */
		956F93CA1FA0E06A00D201C8 /* Project object */ = {
			isa = PBXProject;
			attributes = {
				LastSwiftUpdateCheck = 0900;
				LastUpgradeCheck = 0900;
				ORGANIZATIONNAME = McPusz;
				TargetAttributes = {
					956F93D11FA0E06A00D201C8 = {
						CreatedOnToolsVersion = 9.0;
						ProvisioningStyle = Automatic;
					};
					956F93E71FA0E06B00D201C8 = {
						CreatedOnToolsVersion = 9.0;
						ProvisioningStyle = Automatic;
						TestTargetID = 956F93D11FA0E06A00D201C8;
					};
				};
			};
			buildConfigurationList = 956F93CD1FA0E06A00D201C8 /* Build configuration list for PBXProject "ThrowableCabbage" */;
			compatibilityVersion = "Xcode 8.0";
			developmentRegion = en;
			hasScannedForEncodings = 0;
			knownRegions = (
				en,
				Base,
			);
			mainGroup = 956F93C91FA0E06A00D201C8;
			productRefGroup = 956F93D31FA0E06A00D201C8 /* Products */;
			projectDirPath = "";
			projectRoot = "";
			targets = (
				956F93D11FA0E06A00D201C8 /* ThrowableCabbage */,
				956F93E71FA0E06B00D201C8 /* ThrowableCabbageTests */,
			);
		};
/* End PBXProject section */

/* Begin PBXResourcesBuildPhase section */
		956F93D01FA0E06A00D201C8 /* Resources */ = {
			isa = PBXResourcesBuildPhase;
			buildActionMask = 2147483647;
			files = (
				956F93D81FA0E06A00D201C8 /* art.scnassets in Resources */,
				95A6C07C1FB9AD1900F6B51D /* ShoutButtonView.xib in Resources */,
				956F93E21FA0E06A00D201C8 /* LaunchScreen.storyboard in Resources */,
				956F93DF1FA0E06A00D201C8 /* Assets.xcassets in Resources */,
				956F93DD1FA0E06A00D201C8 /* Main.storyboard in Resources */,
			);
			runOnlyForDeploymentPostprocessing = 0;
		};
		956F93E61FA0E06B00D201C8 /* Resources */ = {
			isa = PBXResourcesBuildPhase;
			buildActionMask = 2147483647;
			files = (
			);
			runOnlyForDeploymentPostprocessing = 0;
		};
/* End PBXResourcesBuildPhase section */

/* Begin PBXShellScriptBuildPhase section */
		195C0258F467CA3801F45D0D /* [CP] Embed Pods Frameworks */ = {
			isa = PBXShellScriptBuildPhase;
			buildActionMask = 2147483647;
			files = (
			);
			inputPaths = (
				"${SRCROOT}/Pods/Target Support Files/Pods-ThrowableCabbage/Pods-ThrowableCabbage-frameworks.sh",
				"${BUILT_PRODUCTS_DIR}/RxSwift/RxSwift.framework",
			);
			name = "[CP] Embed Pods Frameworks";
			outputPaths = (
				"${TARGET_BUILD_DIR}/${FRAMEWORKS_FOLDER_PATH}/RxSwift.framework",
			);
			runOnlyForDeploymentPostprocessing = 0;
			shellPath = /bin/sh;
			shellScript = "\"${SRCROOT}/Pods/Target Support Files/Pods-ThrowableCabbage/Pods-ThrowableCabbage-frameworks.sh\"\n";
			showEnvVarsInLog = 0;
		};
		4FE49B8912F20EB38169ECA1 /* [CP] Copy Pods Resources */ = {
			isa = PBXShellScriptBuildPhase;
			buildActionMask = 2147483647;
			files = (
			);
			inputPaths = (
			);
			name = "[CP] Copy Pods Resources";
			outputPaths = (
			);
			runOnlyForDeploymentPostprocessing = 0;
			shellPath = /bin/sh;
			shellScript = "\"${SRCROOT}/Pods/Target Support Files/Pods-ThrowableCabbage/Pods-ThrowableCabbage-resources.sh\"\n";
			showEnvVarsInLog = 0;
		};
		B1144CB10F7C54EADFA2C0E7 /* [CP] Embed Pods Frameworks */ = {
			isa = PBXShellScriptBuildPhase;
			buildActionMask = 2147483647;
			files = (
			);
			inputPaths = (
			);
			name = "[CP] Embed Pods Frameworks";
			outputPaths = (
			);
			runOnlyForDeploymentPostprocessing = 0;
			shellPath = /bin/sh;
			shellScript = "\"${SRCROOT}/Pods/Target Support Files/Pods-ThrowableCabbageTests/Pods-ThrowableCabbageTests-frameworks.sh\"\n";
			showEnvVarsInLog = 0;
		};
		C28BE18D3B24FC472C6BC729 /* [CP] Check Pods Manifest.lock */ = {
			isa = PBXShellScriptBuildPhase;
			buildActionMask = 2147483647;
			files = (
			);
			inputPaths = (
				"${PODS_PODFILE_DIR_PATH}/Podfile.lock",
				"${PODS_ROOT}/Manifest.lock",
			);
			name = "[CP] Check Pods Manifest.lock";
			outputPaths = (
				"$(DERIVED_FILE_DIR)/Pods-ThrowableCabbageTests-checkManifestLockResult.txt",
			);
			runOnlyForDeploymentPostprocessing = 0;
			shellPath = /bin/sh;
			shellScript = "diff \"${PODS_PODFILE_DIR_PATH}/Podfile.lock\" \"${PODS_ROOT}/Manifest.lock\" > /dev/null\nif [ $? != 0 ] ; then\n    # print error to STDERR\n    echo \"error: The sandbox is not in sync with the Podfile.lock. Run 'pod install' or update your CocoaPods installation.\" >&2\n    exit 1\nfi\n# This output is used by Xcode 'outputs' to avoid re-running this script phase.\necho \"SUCCESS\" > \"${SCRIPT_OUTPUT_FILE_0}\"\n";
			showEnvVarsInLog = 0;
		};
		EE460EEC096D3F09F9293B04 /* [CP] Copy Pods Resources */ = {
			isa = PBXShellScriptBuildPhase;
			buildActionMask = 2147483647;
			files = (
			);
			inputPaths = (
			);
			name = "[CP] Copy Pods Resources";
			outputPaths = (
			);
			runOnlyForDeploymentPostprocessing = 0;
			shellPath = /bin/sh;
			shellScript = "\"${SRCROOT}/Pods/Target Support Files/Pods-ThrowableCabbageTests/Pods-ThrowableCabbageTests-resources.sh\"\n";
			showEnvVarsInLog = 0;
		};
		F08DABE093997D1A93861C12 /* [CP] Check Pods Manifest.lock */ = {
			isa = PBXShellScriptBuildPhase;
			buildActionMask = 2147483647;
			files = (
			);
			inputPaths = (
				"${PODS_PODFILE_DIR_PATH}/Podfile.lock",
				"${PODS_ROOT}/Manifest.lock",
			);
			name = "[CP] Check Pods Manifest.lock";
			outputPaths = (
				"$(DERIVED_FILE_DIR)/Pods-ThrowableCabbage-checkManifestLockResult.txt",
			);
			runOnlyForDeploymentPostprocessing = 0;
			shellPath = /bin/sh;
			shellScript = "diff \"${PODS_PODFILE_DIR_PATH}/Podfile.lock\" \"${PODS_ROOT}/Manifest.lock\" > /dev/null\nif [ $? != 0 ] ; then\n    # print error to STDERR\n    echo \"error: The sandbox is not in sync with the Podfile.lock. Run 'pod install' or update your CocoaPods installation.\" >&2\n    exit 1\nfi\n# This output is used by Xcode 'outputs' to avoid re-running this script phase.\necho \"SUCCESS\" > \"${SCRIPT_OUTPUT_FILE_0}\"\n";
			showEnvVarsInLog = 0;
		};
/* End PBXShellScriptBuildPhase section */

/* Begin PBXSourcesBuildPhase section */
		956F93CE1FA0E06A00D201C8 /* Sources */ = {
			isa = PBXSourcesBuildPhase;
			buildActionMask = 2147483647;
			files = (
				95A6C0811FB9AEBC00F6B51D /* SetupXib+UIView.swift in Sources */,
				956F93DA1FA0E06A00D201C8 /* ViewController.swift in Sources */,
				95A64D1C1FA740630048EB6B /* Cabbage.swift in Sources */,
				958224631FA779FD005DA0F3 /* CollisionCategory.swift in Sources */,
				95A6C0841FBB254800F6B51D /* Explode+SCNNode.swift in Sources */,
				95E278381FA1FFDB002B19AE /* Plane.swift in Sources */,
				958224601FA76EEC005DA0F3 /* WorldBorder.swift in Sources */,
				95A6C07E1FB9AD8800F6B51D /* ShoutButtonView.swift in Sources */,
				956F93D61FA0E06A00D201C8 /* AppDelegate.swift in Sources */,
			);
			runOnlyForDeploymentPostprocessing = 0;
		};
		956F93E41FA0E06B00D201C8 /* Sources */ = {
			isa = PBXSourcesBuildPhase;
			buildActionMask = 2147483647;
			files = (
				956F93ED1FA0E06B00D201C8 /* ThrowableCabbageTests.swift in Sources */,
			);
			runOnlyForDeploymentPostprocessing = 0;
		};
/* End PBXSourcesBuildPhase section */

/* Begin PBXTargetDependency section */
		956F93EA1FA0E06B00D201C8 /* PBXTargetDependency */ = {
			isa = PBXTargetDependency;
			target = 956F93D11FA0E06A00D201C8 /* ThrowableCabbage */;
			targetProxy = 956F93E91FA0E06B00D201C8 /* PBXContainerItemProxy */;
		};
/* End PBXTargetDependency section */

/* Begin PBXVariantGroup section */
		956F93DB1FA0E06A00D201C8 /* Main.storyboard */ = {
			isa = PBXVariantGroup;
			children = (
				956F93DC1FA0E06A00D201C8 /* Base */,
			);
			name = Main.storyboard;
			sourceTree = "<group>";
		};
		956F93E01FA0E06A00D201C8 /* LaunchScreen.storyboard */ = {
			isa = PBXVariantGroup;
			children = (
				956F93E11FA0E06A00D201C8 /* Base */,
			);
			name = LaunchScreen.storyboard;
			sourceTree = "<group>";
		};
/* End PBXVariantGroup section */

/* Begin XCBuildConfiguration section */
		956F93EF1FA0E06B00D201C8 /* Debug */ = {
			isa = XCBuildConfiguration;
			buildSettings = {
				ALWAYS_SEARCH_USER_PATHS = NO;
				CLANG_ANALYZER_NONNULL = YES;
				CLANG_ANALYZER_NUMBER_OBJECT_CONVERSION = YES_AGGRESSIVE;
				CLANG_CXX_LANGUAGE_STANDARD = "gnu++14";
				CLANG_CXX_LIBRARY = "libc++";
				CLANG_ENABLE_MODULES = YES;
				CLANG_ENABLE_OBJC_ARC = YES;
				CLANG_WARN_BLOCK_CAPTURE_AUTORELEASING = YES;
				CLANG_WARN_BOOL_CONVERSION = YES;
				CLANG_WARN_COMMA = YES;
				CLANG_WARN_CONSTANT_CONVERSION = YES;
				CLANG_WARN_DIRECT_OBJC_ISA_USAGE = YES_ERROR;
				CLANG_WARN_DOCUMENTATION_COMMENTS = YES;
				CLANG_WARN_EMPTY_BODY = YES;
				CLANG_WARN_ENUM_CONVERSION = YES;
				CLANG_WARN_INFINITE_RECURSION = YES;
				CLANG_WARN_INT_CONVERSION = YES;
				CLANG_WARN_NON_LITERAL_NULL_CONVERSION = YES;
				CLANG_WARN_OBJC_LITERAL_CONVERSION = YES;
				CLANG_WARN_OBJC_ROOT_CLASS = YES_ERROR;
				CLANG_WARN_RANGE_LOOP_ANALYSIS = YES;
				CLANG_WARN_STRICT_PROTOTYPES = YES;
				CLANG_WARN_SUSPICIOUS_MOVE = YES;
				CLANG_WARN_UNGUARDED_AVAILABILITY = YES_AGGRESSIVE;
				CLANG_WARN_UNREACHABLE_CODE = YES;
				CLANG_WARN__DUPLICATE_METHOD_MATCH = YES;
				CODE_SIGN_IDENTITY = "iPhone Developer";
				COPY_PHASE_STRIP = NO;
				DEBUG_INFORMATION_FORMAT = dwarf;
				ENABLE_STRICT_OBJC_MSGSEND = YES;
				ENABLE_TESTABILITY = YES;
				GCC_C_LANGUAGE_STANDARD = gnu11;
				GCC_DYNAMIC_NO_PIC = NO;
				GCC_NO_COMMON_BLOCKS = YES;
				GCC_OPTIMIZATION_LEVEL = 0;
				GCC_PREPROCESSOR_DEFINITIONS = (
					"DEBUG=1",
					"$(inherited)",
				);
				GCC_WARN_64_TO_32_BIT_CONVERSION = YES;
				GCC_WARN_ABOUT_RETURN_TYPE = YES_ERROR;
				GCC_WARN_UNDECLARED_SELECTOR = YES;
				GCC_WARN_UNINITIALIZED_AUTOS = YES_AGGRESSIVE;
				GCC_WARN_UNUSED_FUNCTION = YES;
				GCC_WARN_UNUSED_VARIABLE = YES;
				IPHONEOS_DEPLOYMENT_TARGET = 11.0;
				MTL_ENABLE_DEBUG_INFO = YES;
				ONLY_ACTIVE_ARCH = YES;
				SDKROOT = iphoneos;
				SWIFT_ACTIVE_COMPILATION_CONDITIONS = DEBUG;
				SWIFT_OPTIMIZATION_LEVEL = "-Onone";
			};
			name = Debug;
		};
		956F93F01FA0E06B00D201C8 /* Release */ = {
			isa = XCBuildConfiguration;
			buildSettings = {
				ALWAYS_SEARCH_USER_PATHS = NO;
				CLANG_ANALYZER_NONNULL = YES;
				CLANG_ANALYZER_NUMBER_OBJECT_CONVERSION = YES_AGGRESSIVE;
				CLANG_CXX_LANGUAGE_STANDARD = "gnu++14";
				CLANG_CXX_LIBRARY = "libc++";
				CLANG_ENABLE_MODULES = YES;
				CLANG_ENABLE_OBJC_ARC = YES;
				CLANG_WARN_BLOCK_CAPTURE_AUTORELEASING = YES;
				CLANG_WARN_BOOL_CONVERSION = YES;
				CLANG_WARN_COMMA = YES;
				CLANG_WARN_CONSTANT_CONVERSION = YES;
				CLANG_WARN_DIRECT_OBJC_ISA_USAGE = YES_ERROR;
				CLANG_WARN_DOCUMENTATION_COMMENTS = YES;
				CLANG_WARN_EMPTY_BODY = YES;
				CLANG_WARN_ENUM_CONVERSION = YES;
				CLANG_WARN_INFINITE_RECURSION = YES;
				CLANG_WARN_INT_CONVERSION = YES;
				CLANG_WARN_NON_LITERAL_NULL_CONVERSION = YES;
				CLANG_WARN_OBJC_LITERAL_CONVERSION = YES;
				CLANG_WARN_OBJC_ROOT_CLASS = YES_ERROR;
				CLANG_WARN_RANGE_LOOP_ANALYSIS = YES;
				CLANG_WARN_STRICT_PROTOTYPES = YES;
				CLANG_WARN_SUSPICIOUS_MOVE = YES;
				CLANG_WARN_UNGUARDED_AVAILABILITY = YES_AGGRESSIVE;
				CLANG_WARN_UNREACHABLE_CODE = YES;
				CLANG_WARN__DUPLICATE_METHOD_MATCH = YES;
				CODE_SIGN_IDENTITY = "iPhone Developer";
				COPY_PHASE_STRIP = NO;
				DEBUG_INFORMATION_FORMAT = "dwarf-with-dsym";
				ENABLE_NS_ASSERTIONS = NO;
				ENABLE_STRICT_OBJC_MSGSEND = YES;
				GCC_C_LANGUAGE_STANDARD = gnu11;
				GCC_NO_COMMON_BLOCKS = YES;
				GCC_WARN_64_TO_32_BIT_CONVERSION = YES;
				GCC_WARN_ABOUT_RETURN_TYPE = YES_ERROR;
				GCC_WARN_UNDECLARED_SELECTOR = YES;
				GCC_WARN_UNINITIALIZED_AUTOS = YES_AGGRESSIVE;
				GCC_WARN_UNUSED_FUNCTION = YES;
				GCC_WARN_UNUSED_VARIABLE = YES;
				IPHONEOS_DEPLOYMENT_TARGET = 11.0;
				MTL_ENABLE_DEBUG_INFO = NO;
				SDKROOT = iphoneos;
				SWIFT_OPTIMIZATION_LEVEL = "-Owholemodule";
				VALIDATE_PRODUCT = YES;
			};
			name = Release;
		};
		956F93F21FA0E06B00D201C8 /* Debug */ = {
			isa = XCBuildConfiguration;
			baseConfigurationReference = 6CFEDAF8A52FDD10B4A98D32 /* Pods-ThrowableCabbage.debug.xcconfig */;
			buildSettings = {
				ASSETCATALOG_COMPILER_APPICON_NAME = AppIcon;
				CODE_SIGN_STYLE = Automatic;
				DEVELOPMENT_TEAM = R293VXYL28;
				INFOPLIST_FILE = "$(SRCROOT)/ThrowableCabbage/AppSettings/Info.plist";
				LD_RUNPATH_SEARCH_PATHS = "$(inherited) @executable_path/Frameworks";
				PRODUCT_BUNDLE_IDENTIFIER = pl.mcPusz.ThrowableCabbage;
				PRODUCT_NAME = "$(TARGET_NAME)";
				SWIFT_VERSION = 4.0;
				TARGETED_DEVICE_FAMILY = "1,2";
			};
			name = Debug;
		};
		956F93F31FA0E06B00D201C8 /* Release */ = {
			isa = XCBuildConfiguration;
			baseConfigurationReference = E46228D8D8E6DA745D8CC6F8 /* Pods-ThrowableCabbage.release.xcconfig */;
			buildSettings = {
				ASSETCATALOG_COMPILER_APPICON_NAME = AppIcon;
				CODE_SIGN_STYLE = Automatic;
				DEVELOPMENT_TEAM = R293VXYL28;
				INFOPLIST_FILE = "$(SRCROOT)/ThrowableCabbage/AppSettings/Info.plist";
				LD_RUNPATH_SEARCH_PATHS = "$(inherited) @executable_path/Frameworks";
				PRODUCT_BUNDLE_IDENTIFIER = pl.mcPusz.ThrowableCabbage;
				PRODUCT_NAME = "$(TARGET_NAME)";
				SWIFT_VERSION = 4.0;
				TARGETED_DEVICE_FAMILY = "1,2";
			};
			name = Release;
		};
		956F93F51FA0E06B00D201C8 /* Debug */ = {
			isa = XCBuildConfiguration;
			baseConfigurationReference = 3C9FDE274F89C1EB8F821D05 /* Pods-ThrowableCabbageTests.debug.xcconfig */;
			buildSettings = {
				ALWAYS_EMBED_SWIFT_STANDARD_LIBRARIES = YES;
				BUNDLE_LOADER = "$(TEST_HOST)";
				CODE_SIGN_STYLE = Automatic;
				DEVELOPMENT_TEAM = R293VXYL28;
				INFOPLIST_FILE = ThrowableCabbageTests/Info.plist;
				LD_RUNPATH_SEARCH_PATHS = "$(inherited) @executable_path/Frameworks @loader_path/Frameworks";
				PRODUCT_BUNDLE_IDENTIFIER = pl.mcPusz.ThrowableCabbageTests;
				PRODUCT_NAME = "$(TARGET_NAME)";
				SWIFT_VERSION = 4.0;
				TARGETED_DEVICE_FAMILY = "1,2";
				TEST_HOST = "$(BUILT_PRODUCTS_DIR)/ThrowableCabbage.app/ThrowableCabbage";
			};
			name = Debug;
		};
		956F93F61FA0E06B00D201C8 /* Release */ = {
			isa = XCBuildConfiguration;
			baseConfigurationReference = 3BD5C869A38AADFA40D3AD46 /* Pods-ThrowableCabbageTests.release.xcconfig */;
			buildSettings = {
				ALWAYS_EMBED_SWIFT_STANDARD_LIBRARIES = YES;
				BUNDLE_LOADER = "$(TEST_HOST)";
				CODE_SIGN_STYLE = Automatic;
				DEVELOPMENT_TEAM = R293VXYL28;
				INFOPLIST_FILE = ThrowableCabbageTests/Info.plist;
				LD_RUNPATH_SEARCH_PATHS = "$(inherited) @executable_path/Frameworks @loader_path/Frameworks";
				PRODUCT_BUNDLE_IDENTIFIER = pl.mcPusz.ThrowableCabbageTests;
				PRODUCT_NAME = "$(TARGET_NAME)";
				SWIFT_VERSION = 4.0;
				TARGETED_DEVICE_FAMILY = "1,2";
				TEST_HOST = "$(BUILT_PRODUCTS_DIR)/ThrowableCabbage.app/ThrowableCabbage";
			};
			name = Release;
		};
/* End XCBuildConfiguration section */

/* Begin XCConfigurationList section */
		956F93CD1FA0E06A00D201C8 /* Build configuration list for PBXProject "ThrowableCabbage" */ = {
			isa = XCConfigurationList;
			buildConfigurations = (
				956F93EF1FA0E06B00D201C8 /* Debug */,
				956F93F01FA0E06B00D201C8 /* Release */,
			);
			defaultConfigurationIsVisible = 0;
			defaultConfigurationName = Release;
		};
		956F93F11FA0E06B00D201C8 /* Build configuration list for PBXNativeTarget "ThrowableCabbage" */ = {
			isa = XCConfigurationList;
			buildConfigurations = (
				956F93F21FA0E06B00D201C8 /* Debug */,
				956F93F31FA0E06B00D201C8 /* Release */,
			);
			defaultConfigurationIsVisible = 0;
			defaultConfigurationName = Release;
		};
		956F93F41FA0E06B00D201C8 /* Build configuration list for PBXNativeTarget "ThrowableCabbageTests" */ = {
			isa = XCConfigurationList;
			buildConfigurations = (
				956F93F51FA0E06B00D201C8 /* Debug */,
				956F93F61FA0E06B00D201C8 /* Release */,
			);
			defaultConfigurationIsVisible = 0;
			defaultConfigurationName = Release;
		};
/* End XCConfigurationList section */
	};
	rootObject = 956F93CA1FA0E06A00D201C8 /* Project object */;
}
