// !$*UTF8*$!
{
	archiveVersion = 1;
	classes = {
	};
	objectVersion = 48;
	objects = {

/* Begin PBXBuildFile section */
		956F93D61FA0E06A00D201C8 /* AppDelegate.swift in Sources */ = {isa = PBXBuildFile; fileRef = 956F93D51FA0E06A00D201C8 /* AppDelegate.swift */; };
		956F93D81FA0E06A00D201C8 /* art.scnassets in Resources */ = {isa = PBXBuildFile; fileRef = 956F93D71FA0E06A00D201C8 /* art.scnassets */; };
		956F93DA1FA0E06A00D201C8 /* ViewController.swift in Sources */ = {isa = PBXBuildFile; fileRef = 956F93D91FA0E06A00D201C8 /* ViewController.swift */; };
		956F93DD1FA0E06A00D201C8 /* Main.storyboard in Resources */ = {isa = PBXBuildFile; fileRef = 956F93DB1FA0E06A00D201C8 /* Main.storyboard */; };
		956F93DF1FA0E06A00D201C8 /* Assets.xcassets in Resources */ = {isa = PBXBuildFile; fileRef = 956F93DE1FA0E06A00D201C8 /* Assets.xcassets */; };
		956F93E21FA0E06A00D201C8 /* LaunchScreen.storyboard in Resources */ = {isa = PBXBuildFile; fileRef = 956F93E01FA0E06A00D201C8 /* LaunchScreen.storyboard */; };
		956F93ED1FA0E06B00D201C8 /* ThrowableCabbageTests.swift in Sources */ = {isa = PBXBuildFile; fileRef = 956F93EC1FA0E06B00D201C8 /* ThrowableCabbageTests.swift */; };
/* End PBXBuildFile section */

/* Begin PBXContainerItemProxy section */
		956F93E91FA0E06B00D201C8 /* PBXContainerItemProxy */ = {
			isa = PBXContainerItemProxy;
			containerPortal = 956F93CA1FA0E06A00D201C8 /* Project object */;
			proxyType = 1;
			remoteGlobalIDString = 956F93D11FA0E06A00D201C8;
			remoteInfo = ThrowableCabbage;
		};
/* End PBXContainerItemProxy section */

/* Begin PBXFileReference section */
		956F93D21FA0E06A00D201C8 /* ThrowableCabbage.app */ = {isa = PBXFileReference; explicitFileType = wrapper.application; includeInIndex = 0; path = ThrowableCabbage.app; sourceTree = BUILT_PRODUCTS_DIR; };
		956F93D51FA0E06A00D201C8 /* AppDelegate.swift */ = {isa = PBXFileReference; lastKnownFileType = sourcecode.swift; path = AppDelegate.swift; sourceTree = "<group>"; };
		956F93D71FA0E06A00D201C8 /* art.scnassets */ = {isa = PBXFileReference; lastKnownFileType = wrapper.scnassets; path = art.scnassets; sourceTree = "<group>"; };
		956F93D91FA0E06A00D201C8 /* ViewController.swift */ = {isa = PBXFileReference; lastKnownFileType = sourcecode.swift; path = ViewController.swift; sourceTree = "<group>"; };
		956F93DC1FA0E06A00D201C8 /* Base */ = {isa = PBXFileReference; lastKnownFileType = file.storyboard; name = Base; path = Base.lproj/Main.storyboard; sourceTree = "<group>"; };
		956F93DE1FA0E06A00D201C8 /* Assets.xcassets */ = {isa = PBXFileReference; lastKnownFileType = folder.assetcatalog; path = Assets.xcassets; sourceTree = "<group>"; };
		956F93E11FA0E06A00D201C8 /* Base */ = {isa = PBXFileReference; lastKnownFileType = file.storyboard; name = Base; path = Base.lproj/LaunchScreen.storyboard; sourceTree = "<group>"; };
		956F93E31FA0E06A00D201C8 /* Info.plist */ = {isa = PBXFileReference; lastKnownFileType = text.plist.xml; path = Info.plist; sourceTree = "<group>"; };
		956F93E81FA0E06B00D201C8 /* ThrowableCabbageTests.xctest */ = {isa = PBXFileReference; explicitFileType = wrapper.cfbundle; includeInIndex = 0; path = ThrowableCabbageTests.xctest; sourceTree = BUILT_PRODUCTS_DIR; };
		956F93EC1FA0E06B00D201C8 /* ThrowableCabbageTests.swift */ = {isa = PBXFileReference; lastKnownFileType = sourcecode.swift; path = ThrowableCabbageTests.swift; sourceTree = "<group>"; };
		956F93EE1FA0E06B00D201C8 /* Info.plist */ = {isa = PBXFileReference; lastKnownFileType = text.plist.xml; path = Info.plist; sourceTree = "<group>"; };
/* End PBXFileReference section */

/* Begin PBXFrameworksBuildPhase section */
		956F93CF1FA0E06A00D201C8 /* Frameworks */ = {
			isa = PBXFrameworksBuildPhase;
			buildActionMask = 2147483647;
			files = (
			);
			runOnlyForDeploymentPostprocessing = 0;
		};
		956F93E51FA0E06B00D201C8 /* Frameworks */ = {
			isa = PBXFrameworksBuildPhase;
			buildActionMask = 2147483647;
			files = (
			);
			runOnlyForDeploymentPostprocessing = 0;
		};
/* End PBXFrameworksBuildPhase section */

/* Begin PBXGroup section */
		956F93C91FA0E06A00D201C8 = {
			isa = PBXGroup;
			children = (
				956F93D41FA0E06A00D201C8 /* ThrowableCabbage */,
				956F93EB1FA0E06B00D201C8 /* ThrowableCabbageTests */,
				956F93D31FA0E06A00D201C8 /* Products */,
			);
			sourceTree = "<group>";
		};
		956F93D31FA0E06A00D201C8 /* Products */ = {
			isa = PBXGroup;
			children = (
				956F93D21FA0E06A00D201C8 /* ThrowableCabbage.app */,
				956F93E81FA0E06B00D201C8 /* ThrowableCabbageTests.xctest */,
			);
			name = Products;
			sourceTree = "<group>";
		};
		956F93D41FA0E06A00D201C8 /* ThrowableCabbage */ = {
			isa = PBXGroup;
			children = (
				956F93D51FA0E06A00D201C8 /* AppDelegate.swift */,
				956F93D71FA0E06A00D201C8 /* art.scnassets */,
				956F93D91FA0E06A00D201C8 /* ViewController.swift */,
				956F93DB1FA0E06A00D201C8 /* Main.storyboard */,
				956F93DE1FA0E06A00D201C8 /* Assets.xcassets */,
				956F93E01FA0E06A00D201C8 /* LaunchScreen.storyboard */,
				956F93E31FA0E06A00D201C8 /* Info.plist */,
			);
			path = ThrowableCabbage;
			sourceTree = "<group>";
		};
		956F93EB1FA0E06B00D201C8 /* ThrowableCabbageTests */ = {
			isa = PBXGroup;
			children = (
				956F93EC1FA0E06B00D201C8 /* ThrowableCabbageTests.swift */,
				956F93EE1FA0E06B00D201C8 /* Info.plist */,
			);
			path = ThrowableCabbageTests;
			sourceTree = "<group>";
		};
/* End PBXGroup section */

/* Begin PBXNativeTarget section */
		956F93D11FA0E06A00D201C8 /* ThrowableCabbage */ = {
			isa = PBXNativeTarget;
			buildConfigurationList = 956F93F11FA0E06B00D201C8 /* Build configuration list for PBXNativeTarget "ThrowableCabbage" */;
			buildPhases = (
				956F93CE1FA0E06A00D201C8 /* Sources */,
				956F93CF1FA0E06A00D201C8 /* Frameworks */,
				956F93D01FA0E06A00D201C8 /* Resources */,
			);
			buildRules = (
			);
			dependencies = (
			);
			name = ThrowableCabbage;
			productName = ThrowableCabbage;
			productReference = 956F93D21FA0E06A00D201C8 /* ThrowableCabbage.app */;
			productType = "com.apple.product-type.application";
		};
		956F93E71FA0E06B00D201C8 /* ThrowableCabbageTests */ = {
			isa = PBXNativeTarget;
			buildConfigurationList = 956F93F41FA0E06B00D201C8 /* Build configuration list for PBXNativeTarget "ThrowableCabbageTests" */;
			buildPhases = (
				956F93E41FA0E06B00D201C8 /* Sources */,
				956F93E51FA0E06B00D201C8 /* Frameworks */,
				956F93E61FA0E06B00D201C8 /* Resources */,
			);
			buildRules = (
			);
			dependencies = (
				956F93EA1FA0E06B00D201C8 /* PBXTargetDependency */,
			);
			name = ThrowableCabbageTests;
			productName = ThrowableCabbageTests;
			productReference = 956F93E81FA0E06B00D201C8 /* ThrowableCabbageTests.xctest */;
			productType = "com.apple.product-type.bundle.unit-test";
		};
/* End PBXNativeTarget section */

/* Begin PBXProject section */
		956F93CA1FA0E06A00D201C8 /* Project object */ = {
			isa = PBXProject;
			attributes = {
				LastSwiftUpdateCheck = 0900;
				LastUpgradeCheck = 0900;
				ORGANIZATIONNAME = McPusz;
				TargetAttributes = {
					956F93D11FA0E06A00D201C8 = {
						CreatedOnToolsVersion = 9.0;
						ProvisioningStyle = Automatic;
					};
					956F93E71FA0E06B00D201C8 = {
						CreatedOnToolsVersion = 9.0;
						ProvisioningStyle = Automatic;
						TestTargetID = 956F93D11FA0E06A00D201C8;
					};
				};
			};
			buildConfigurationList = 956F93CD1FA0E06A00D201C8 /* Build configuration list for PBXProject "ThrowableCabbage" */;
			compatibilityVersion = "Xcode 8.0";
			developmentRegion = en;
			hasScannedForEncodings = 0;
			knownRegions = (
				en,
				Base,
			);
			mainGroup = 956F93C91FA0E06A00D201C8;
			productRefGroup = 956F93D31FA0E06A00D201C8 /* Products */;
			projectDirPath = "";
			projectRoot = "";
			targets = (
				956F93D11FA0E06A00D201C8 /* ThrowableCabbage */,
				956F93E71FA0E06B00D201C8 /* ThrowableCabbageTests */,
			);
		};
/* End PBXProject section */

/* Begin PBXResourcesBuildPhase section */
		956F93D01FA0E06A00D201C8 /* Resources */ = {
			isa = PBXResourcesBuildPhase;
			buildActionMask = 2147483647;
			files = (
				956F93D81FA0E06A00D201C8 /* art.scnassets in Resources */,
				956F93E21FA0E06A00D201C8 /* LaunchScreen.storyboard in Resources */,
				956F93DF1FA0E06A00D201C8 /* Assets.xcassets in Resources */,
				956F93DD1FA0E06A00D201C8 /* Main.storyboard in Resources */,
			);
			runOnlyForDeploymentPostprocessing = 0;
		};
		956F93E61FA0E06B00D201C8 /* Resources */ = {
			isa = PBXResourcesBuildPhase;
			buildActionMask = 2147483647;
			files = (
			);
			runOnlyForDeploymentPostprocessing = 0;
		};
/* End PBXResourcesBuildPhase section */

/* Begin PBXSourcesBuildPhase section */
		956F93CE1FA0E06A00D201C8 /* Sources */ = {
			isa = PBXSourcesBuildPhase;
			buildActionMask = 2147483647;
			files = (
				956F93DA1FA0E06A00D201C8 /* ViewController.swift in Sources */,
				956F93D61FA0E06A00D201C8 /* AppDelegate.swift in Sources */,
			);
			runOnlyForDeploymentPostprocessing = 0;
		};
		956F93E41FA0E06B00D201C8 /* Sources */ = {
			isa = PBXSourcesBuildPhase;
			buildActionMask = 2147483647;
			files = (
				956F93ED1FA0E06B00D201C8 /* ThrowableCabbageTests.swift in Sources */,
			);
			runOnlyForDeploymentPostprocessing = 0;
		};
/* End PBXSourcesBuildPhase section */

/* Begin PBXTargetDependency section */
		956F93EA1FA0E06B00D201C8 /* PBXTargetDependency */ = {
			isa = PBXTargetDependency;
			target = 956F93D11FA0E06A00D201C8 /* ThrowableCabbage */;
			targetProxy = 956F93E91FA0E06B00D201C8 /* PBXContainerItemProxy */;
		};
/* End PBXTargetDependency section */

/* Begin PBXVariantGroup section */
		956F93DB1FA0E06A00D201C8 /* Main.storyboard */ = {
			isa = PBXVariantGroup;
			children = (
				956F93DC1FA0E06A00D201C8 /* Base */,
			);
			name = Main.storyboard;
			sourceTree = "<group>";
		};
		956F93E01FA0E06A00D201C8 /* LaunchScreen.storyboard */ = {
			isa = PBXVariantGroup;
			children = (
				956F93E11FA0E06A00D201C8 /* Base */,
			);
			name = LaunchScreen.storyboard;
			sourceTree = "<group>";
		};
/* End PBXVariantGroup section */

/* Begin XCBuildConfiguration section */
		956F93EF1FA0E06B00D201C8 /* Debug */ = {
			isa = XCBuildConfiguration;
			buildSettings = {
				ALWAYS_SEARCH_USER_PATHS = NO;
				CLANG_ANALYZER_NONNULL = YES;
				CLANG_ANALYZER_NUMBER_OBJECT_CONVERSION = YES_AGGRESSIVE;
				CLANG_CXX_LANGUAGE_STANDARD = "gnu++14";
				CLANG_CXX_LIBRARY = "libc++";
				CLANG_ENABLE_MODULES = YES;
				CLANG_ENABLE_OBJC_ARC = YES;
				CLANG_WARN_BLOCK_CAPTURE_AUTORELEASING = YES;
				CLANG_WARN_BOOL_CONVERSION = YES;
				CLANG_WARN_COMMA = YES;
				CLANG_WARN_CONSTANT_CONVERSION = YES;
				CLANG_WARN_DIRECT_OBJC_ISA_USAGE = YES_ERROR;
				CLANG_WARN_DOCUMENTATION_COMMENTS = YES;
				CLANG_WARN_EMPTY_BODY = YES;
				CLANG_WARN_ENUM_CONVERSION = YES;
				CLANG_WARN_INFINITE_RECURSION = YES;
				CLANG_WARN_INT_CONVERSION = YES;
				CLANG_WARN_NON_LITERAL_NULL_CONVERSION = YES;
				CLANG_WARN_OBJC_LITERAL_CONVERSION = YES;
				CLANG_WARN_OBJC_ROOT_CLASS = YES_ERROR;
				CLANG_WARN_RANGE_LOOP_ANALYSIS = YES;
				CLANG_WARN_STRICT_PROTOTYPES = YES;
				CLANG_WARN_SUSPICIOUS_MOVE = YES;
				CLANG_WARN_UNGUARDED_AVAILABILITY = YES_AGGRESSIVE;
				CLANG_WARN_UNREACHABLE_CODE = YES;
				CLANG_WARN__DUPLICATE_METHOD_MATCH = YES;
				CODE_SIGN_IDENTITY = "iPhone Developer";
				COPY_PHASE_STRIP = NO;
				DEBUG_INFORMATION_FORMAT = dwarf;
				ENABLE_STRICT_OBJC_MSGSEND = YES;
				ENABLE_TESTABILITY = YES;
				GCC_C_LANGUAGE_STANDARD = gnu11;
				GCC_DYNAMIC_NO_PIC = NO;
				GCC_NO_COMMON_BLOCKS = YES;
				GCC_OPTIMIZATION_LEVEL = 0;
				GCC_PREPROCESSOR_DEFINITIONS = (
					"DEBUG=1",
					"$(inherited)",
				);
				GCC_WARN_64_TO_32_BIT_CONVERSION = YES;
				GCC_WARN_ABOUT_RETURN_TYPE = YES_ERROR;
				GCC_WARN_UNDECLARED_SELECTOR = YES;
				GCC_WARN_UNINITIALIZED_AUTOS = YES_AGGRESSIVE;
				GCC_WARN_UNUSED_FUNCTION = YES;
				GCC_WARN_UNUSED_VARIABLE = YES;
				IPHONEOS_DEPLOYMENT_TARGET = 11.0;
				MTL_ENABLE_DEBUG_INFO = YES;
				ONLY_ACTIVE_ARCH = YES;
				SDKROOT = iphoneos;
				SWIFT_ACTIVE_COMPILATION_CONDITIONS = DEBUG;
				SWIFT_OPTIMIZATION_LEVEL = "-Onone";
			};
			name = Debug;
		};
		956F93F01FA0E06B00D201C8 /* Release */ = {
			isa = XCBuildConfiguration;
			buildSettings = {
				ALWAYS_SEARCH_USER_PATHS = NO;
				CLANG_ANALYZER_NONNULL = YES;
				CLANG_ANALYZER_NUMBER_OBJECT_CONVERSION = YES_AGGRESSIVE;
				CLANG_CXX_LANGUAGE_STANDARD = "gnu++14";
				CLANG_CXX_LIBRARY = "libc++";
				CLANG_ENABLE_MODULES = YES;
				CLANG_ENABLE_OBJC_ARC = YES;
				CLANG_WARN_BLOCK_CAPTURE_AUTORELEASING = YES;
				CLANG_WARN_BOOL_CONVERSION = YES;
				CLANG_WARN_COMMA = YES;
				CLANG_WARN_CONSTANT_CONVERSION = YES;
				CLANG_WARN_DIRECT_OBJC_ISA_USAGE = YES_ERROR;
				CLANG_WARN_DOCUMENTATION_COMMENTS = YES;
				CLANG_WARN_EMPTY_BODY = YES;
				CLANG_WARN_ENUM_CONVERSION = YES;
				CLANG_WARN_INFINITE_RECURSION = YES;
				CLANG_WARN_INT_CONVERSION = YES;
				CLANG_WARN_NON_LITERAL_NULL_CONVERSION = YES;
				CLANG_WARN_OBJC_LITERAL_CONVERSION = YES;
				CLANG_WARN_OBJC_ROOT_CLASS = YES_ERROR;
				CLANG_WARN_RANGE_LOOP_ANALYSIS = YES;
				CLANG_WARN_STRICT_PROTOTYPES = YES;
				CLANG_WARN_SUSPICIOUS_MOVE = YES;
				CLANG_WARN_UNGUARDED_AVAILABILITY = YES_AGGRESSIVE;
				CLANG_WARN_UNREACHABLE_CODE = YES;
				CLANG_WARN__DUPLICATE_METHOD_MATCH = YES;
				CODE_SIGN_IDENTITY = "iPhone Developer";
				COPY_PHASE_STRIP = NO;
				DEBUG_INFORMATION_FORMAT = "dwarf-with-dsym";
				ENABLE_NS_ASSERTIONS = NO;
				ENABLE_STRICT_OBJC_MSGSEND = YES;
				GCC_C_LANGUAGE_STANDARD = gnu11;
				GCC_NO_COMMON_BLOCKS = YES;
				GCC_WARN_64_TO_32_BIT_CONVERSION = YES;
				GCC_WARN_ABOUT_RETURN_TYPE = YES_ERROR;
				GCC_WARN_UNDECLARED_SELECTOR = YES;
				GCC_WARN_UNINITIALIZED_AUTOS = YES_AGGRESSIVE;
				GCC_WARN_UNUSED_FUNCTION = YES;
				GCC_WARN_UNUSED_VARIABLE = YES;
				IPHONEOS_DEPLOYMENT_TARGET = 11.0;
				MTL_ENABLE_DEBUG_INFO = NO;
				SDKROOT = iphoneos;
				SWIFT_OPTIMIZATION_LEVEL = "-Owholemodule";
				VALIDATE_PRODUCT = YES;
			};
			name = Release;
		};
		956F93F21FA0E06B00D201C8 /* Debug */ = {
			isa = XCBuildConfiguration;
			buildSettings = {
				ASSETCATALOG_COMPILER_APPICON_NAME = AppIcon;
				CODE_SIGN_STYLE = Automatic;
				DEVELOPMENT_TEAM = R293VXYL28;
				INFOPLIST_FILE = ThrowableCabbage/Info.plist;
				LD_RUNPATH_SEARCH_PATHS = "$(inherited) @executable_path/Frameworks";
				PRODUCT_BUNDLE_IDENTIFIER = pl.mcPusz.ThrowableCabbage;
				PRODUCT_NAME = "$(TARGET_NAME)";
				SWIFT_VERSION = 4.0;
				TARGETED_DEVICE_FAMILY = "1,2";
			};
			name = Debug;
		};
		956F93F31FA0E06B00D201C8 /* Release */ = {
			isa = XCBuildConfiguration;
			buildSettings = {
				ASSETCATALOG_COMPILER_APPICON_NAME = AppIcon;
				CODE_SIGN_STYLE = Automatic;
				DEVELOPMENT_TEAM = R293VXYL28;
				INFOPLIST_FILE = ThrowableCabbage/Info.plist;
				LD_RUNPATH_SEARCH_PATHS = "$(inherited) @executable_path/Frameworks";
				PRODUCT_BUNDLE_IDENTIFIER = pl.mcPusz.ThrowableCabbage;
				PRODUCT_NAME = "$(TARGET_NAME)";
				SWIFT_VERSION = 4.0;
				TARGETED_DEVICE_FAMILY = "1,2";
			};
			name = Release;
		};
		956F93F51FA0E06B00D201C8 /* Debug */ = {
			isa = XCBuildConfiguration;
			buildSettings = {
				ALWAYS_EMBED_SWIFT_STANDARD_LIBRARIES = YES;
				BUNDLE_LOADER = "$(TEST_HOST)";
				CODE_SIGN_STYLE = Automatic;
				DEVELOPMENT_TEAM = R293VXYL28;
				INFOPLIST_FILE = ThrowableCabbageTests/Info.plist;
				LD_RUNPATH_SEARCH_PATHS = "$(inherited) @executable_path/Frameworks @loader_path/Frameworks";
				PRODUCT_BUNDLE_IDENTIFIER = pl.mcPusz.ThrowableCabbageTests;
				PRODUCT_NAME = "$(TARGET_NAME)";
				SWIFT_VERSION = 4.0;
				TARGETED_DEVICE_FAMILY = "1,2";
				TEST_HOST = "$(BUILT_PRODUCTS_DIR)/ThrowableCabbage.app/ThrowableCabbage";
			};
			name = Debug;
		};
		956F93F61FA0E06B00D201C8 /* Release */ = {
			isa = XCBuildConfiguration;
			buildSettings = {
				ALWAYS_EMBED_SWIFT_STANDARD_LIBRARIES = YES;
				BUNDLE_LOADER = "$(TEST_HOST)";
				CODE_SIGN_STYLE = Automatic;
				DEVELOPMENT_TEAM = R293VXYL28;
				INFOPLIST_FILE = ThrowableCabbageTests/Info.plist;
				LD_RUNPATH_SEARCH_PATHS = "$(inherited) @executable_path/Frameworks @loader_path/Frameworks";
				PRODUCT_BUNDLE_IDENTIFIER = pl.mcPusz.ThrowableCabbageTests;
				PRODUCT_NAME = "$(TARGET_NAME)";
				SWIFT_VERSION = 4.0;
				TARGETED_DEVICE_FAMILY = "1,2";
				TEST_HOST = "$(BUILT_PRODUCTS_DIR)/ThrowableCabbage.app/ThrowableCabbage";
			};
			name = Release;
		};
/* End XCBuildConfiguration section */

/* Begin XCConfigurationList section */
		956F93CD1FA0E06A00D201C8 /* Build configuration list for PBXProject "ThrowableCabbage" */ = {
			isa = XCConfigurationList;
			buildConfigurations = (
				956F93EF1FA0E06B00D201C8 /* Debug */,
				956F93F01FA0E06B00D201C8 /* Release */,
			);
			defaultConfigurationIsVisible = 0;
			defaultConfigurationName = Release;
		};
		956F93F11FA0E06B00D201C8 /* Build configuration list for PBXNativeTarget "ThrowableCabbage" */ = {
			isa = XCConfigurationList;
			buildConfigurations = (
				956F93F21FA0E06B00D201C8 /* Debug */,
				956F93F31FA0E06B00D201C8 /* Release */,
			);
			defaultConfigurationIsVisible = 0;
			defaultConfigurationName = Release;
		};
		956F93F41FA0E06B00D201C8 /* Build configuration list for PBXNativeTarget "ThrowableCabbageTests" */ = {
			isa = XCConfigurationList;
			buildConfigurations = (
				956F93F51FA0E06B00D201C8 /* Debug */,
				956F93F61FA0E06B00D201C8 /* Release */,
			);
			defaultConfigurationIsVisible = 0;
			defaultConfigurationName = Release;
		};
/* End XCConfigurationList section */
	};
	rootObject = 956F93CA1FA0E06A00D201C8 /* Project object */;
}
